
Microsoft Visual Studio Solution File, Format Version 12.00
# Visual Studio Version 16
VisualStudioVersion = 16.0.28803.202
MinimumVisualStudioVersion = 10.0.40219.1
Project("{888888A0-9F3D-457C-B088-3A5042F75D52}") = "Game-Bomb", "Game-Bomb\Game-Bomb.pyproj", "{D215F9C2-92D9-40D6-95FB-D45F95058DD9}"
EndProject
Global
	GlobalSection(SolutionConfigurationPlatforms) = preSolution
		Debug|Any CPU = Debug|Any CPU
		Release|Any CPU = Release|Any CPU
	EndGlobalSection
	GlobalSection(ProjectConfigurationPlatforms) = postSolution
		{D215F9C2-92D9-40D6-95FB-D45F95058DD9}.Debug|Any CPU.ActiveCfg = Debug|Any CPU
		{D215F9C2-92D9-40D6-95FB-D45F95058DD9}.Release|Any CPU.ActiveCfg = Release|Any CPU
	EndGlobalSection
	GlobalSection(SolutionProperties) = preSolution
		HideSolutionNode = FALSE
	EndGlobalSection
	GlobalSection(ExtensibilityGlobals) = postSolution
		SolutionGuid = {43A14C00-596F-4DD6-8D16-875CA97F18AA}
	EndGlobalSection
EndGlobal
